
Microsoft Visual Studio Solution File, Format Version 12.00
# Visual Studio Version 17
VisualStudioVersion = 17.0.31423.177
MinimumVisualStudioVersion = 10.0.40219.1
Project("{9A19103F-16F7-4668-BE54-9A1E7A4F7556}") = "WebApi", "WebApi\WebApi.csproj", "{67A7EC05-D024-4F5E-87CE-CB2B15FBA6B8}"
EndProject
Project("{9A19103F-16F7-4668-BE54-9A1E7A4F7556}") = "Domain", "Domain\Domain.csproj", "{C9F85C4B-83D5-4EDA-B0F4-4E0B885D9286}"
EndProject
Project("{FAE04EC0-301F-11D3-BF4B-00C04F79EFBC}") = "Application", "Application\Application.csproj", "{ADCE6205-7E31-4C7E-8A89-E673F3406FB0}"
EndProject
Global
	GlobalSection(SolutionConfigurationPlatforms) = preSolution
		Debug|Any CPU = Debug|Any CPU
		Release|Any CPU = Release|Any CPU
	EndGlobalSection
	GlobalSection(ProjectConfigurationPlatforms) = postSolution
		{67A7EC05-D024-4F5E-87CE-CB2B15FBA6B8}.Debug|Any CPU.ActiveCfg = Debug|Any CPU
		{67A7EC05-D024-4F5E-87CE-CB2B15FBA6B8}.Debug|Any CPU.Build.0 = Debug|Any CPU
		{67A7EC05-D024-4F5E-87CE-CB2B15FBA6B8}.Release|Any CPU.ActiveCfg = Release|Any CPU
		{67A7EC05-D024-4F5E-87CE-CB2B15FBA6B8}.Release|Any CPU.Build.0 = Release|Any CPU
		{C9F85C4B-83D5-4EDA-B0F4-4E0B885D9286}.Debug|Any CPU.ActiveCfg = Debug|Any CPU
		{C9F85C4B-83D5-4EDA-B0F4-4E0B885D9286}.Debug|Any CPU.Build.0 = Debug|Any CPU
		{C9F85C4B-83D5-4EDA-B0F4-4E0B885D9286}.Release|Any CPU.ActiveCfg = Release|Any CPU
		{C9F85C4B-83D5-4EDA-B0F4-4E0B885D9286}.Release|Any CPU.Build.0 = Release|Any CPU
		{ADCE6205-7E31-4C7E-8A89-E673F3406FB0}.Debug|Any CPU.ActiveCfg = Debug|Any CPU
		{ADCE6205-7E31-4C7E-8A89-E673F3406FB0}.Debug|Any CPU.Build.0 = Debug|Any CPU
		{ADCE6205-7E31-4C7E-8A89-E673F3406FB0}.Release|Any CPU.ActiveCfg = Release|Any CPU
		{ADCE6205-7E31-4C7E-8A89-E673F3406FB0}.Release|Any CPU.Build.0 = Release|Any CPU
	EndGlobalSection
	GlobalSection(SolutionProperties) = preSolution
		HideSolutionNode = FALSE
	EndGlobalSection
	GlobalSection(ExtensibilityGlobals) = postSolution
		SolutionGuid = {CBB082EA-6EDA-4AF7-9E30-06A54803E52D}
	EndGlobalSection
EndGlobal
